
Microsoft Visual Studio Solution File, Format Version 12.00
# Visual Studio 2017
Project("{FAE04EC0-301F-11D3-BF4B-00C04F79EFBC}") = "SnowApp", "SnowApp.csproj", "{C93EE3B8-0A89-B6B6-4103-79AC237AB343}"
EndProject
Global
	GlobalSection(SolutionConfigurationPlatforms) = preSolution
		Debug|Any CPU = Debug|Any CPU
		Release|Any CPU = Release|Any CPU
	EndGlobalSection
	GlobalSection(ProjectConfigurationPlatforms) = postSolution
		{C93EE3B8-0A89-B6B6-4103-79AC237AB343}.Debug|Any CPU.ActiveCfg = Debug|Any CPU
		{C93EE3B8-0A89-B6B6-4103-79AC237AB343}.Debug|Any CPU.Build.0 = Debug|Any CPU
		{C93EE3B8-0A89-B6B6-4103-79AC237AB343}.Release|Any CPU.ActiveCfg = Release|Any CPU
		{C93EE3B8-0A89-B6B6-4103-79AC237AB343}.Release|Any CPU.Build.0 = Release|Any CPU
	EndGlobalSection
	GlobalSection(SolutionProperties) = preSolution
		HideSolutionNode = FALSE
	EndGlobalSection
EndGlobal
